
Microsoft Visual Studio Solution File, Format Version 12.00
# Visual Studio 14
VisualStudioVersion = 14.0.23107.0
MinimumVisualStudioVersion = 10.0.40219.1
Project("{8BC9CEB8-8B4A-11D0-8D11-00A0C91BC942}") = "03-TapeEquilibrium", "01-TapeEquilibrium\01-TapeEquilibrium.vcxproj", "{49579E92-8EF6-48EB-ADCF-A5C3B4BB4EE2}"
EndProject
Project("{8BC9CEB8-8B4A-11D0-8D11-00A0C91BC942}") = "03-PermMissingElem", "01-PermMissingElem\01-PermMissingElem.vcxproj", "{9B4E9466-801A-4174-8DB3-709555920DBE}"
EndProject
Project("{8BC9CEB8-8B4A-11D0-8D11-00A0C91BC942}") = "03-FrogJump", "01-FrogJump\01-FrogJump.vcxproj", "{40A07986-60C9-4B17-8C21-D06F3AFA010B}"
EndProject
Project("{8BC9CEB8-8B4A-11D0-8D11-00A0C91BC942}") = "04-FrogRiverOne", "02-FrogRiverOne\02-FrogRiverOne.vcxproj", "{84705E63-A5A4-4A35-AEC1-389BDA5CD7BC}"
EndProject
Project("{8BC9CEB8-8B4A-11D0-8D11-00A0C91BC942}") = "04-PermCheck", "02-PermCheck\02-PermCheck.vcxproj", "{BD8B5CD3-CCE3-470D-A98D-4E2C0A7FD4E9}"
EndProject
Project("{8BC9CEB8-8B4A-11D0-8D11-00A0C91BC942}") = "04-MinimalMissingValue", "02-MinimalMissingValue\02-MinimalMissingValue.vcxproj", "{0799C2C6-05F8-410F-8089-020651E8687C}"
EndProject
Project("{8BC9CEB8-8B4A-11D0-8D11-00A0C91BC942}") = "04-MaxCounters", "02-MaxCounters\02-MaxCounters.vcxproj", "{9D975DC0-AA2E-4F76-9112-668FD8C14B34}"
EndProject
Project("{8BC9CEB8-8B4A-11D0-8D11-00A0C91BC942}") = "05-PassingCars", "03-PassingCars\03-PassingCars.vcxproj", "{0B411528-67D8-474E-8E75-493580FD1172}"
EndProject
Project("{8BC9CEB8-8B4A-11D0-8D11-00A0C91BC942}") = "05-CountDiv", "03-CountDiv\03-CountDiv.vcxproj", "{4F55833A-C8D1-42E6-B39A-FF529AD1E299}"
EndProject
Project("{8BC9CEB8-8B4A-11D0-8D11-00A0C91BC942}") = "05-MinAvgTwoSlices", "03-MinAvgTwoSlices\03-MinAvgTwoSlices.vcxproj", "{AF5D0123-3EB3-47EC-9882-13ACC019AD6B}"
EndProject
Project("{8BC9CEB8-8B4A-11D0-8D11-00A0C91BC942}") = "05-GenomicRangeQuery", "03-GenomicRangeQuery\03-GenomicRangeQuery.vcxproj", "{FC39E803-9096-4467-90D2-340F210F7E57}"
EndProject
Project("{8BC9CEB8-8B4A-11D0-8D11-00A0C91BC942}") = "06-Triangle", "06-Triangle\06-Triangle.vcxproj", "{8EA0DF4D-807E-4BC1-895C-E901BF2B279F}"
EndProject
Project("{8BC9CEB8-8B4A-11D0-8D11-00A0C91BC942}") = "06-Distinct", "06-Distinct\06-Distinct.vcxproj", "{1AB3B941-8AD2-4D31-AA42-9F4C5948CD3A}"
EndProject
Project("{8BC9CEB8-8B4A-11D0-8D11-00A0C91BC942}") = "06-MaxProductOfThree", "06-MaxProductOfThree\06-MaxProductOfThree.vcxproj", "{4FB70165-0A72-4D8B-B7ED-EF96F488054E}"
EndProject
Project("{8BC9CEB8-8B4A-11D0-8D11-00A0C91BC942}") = "06-NumberOfDicsIntersections-Unfinished", "06-NumberOfDicsIntersections\06-NumberOfDicsIntersections.vcxproj", "{A18FA2C5-BD9C-40AE-87DB-DCBACFE0F4E9}"
EndProject
Project("{8BC9CEB8-8B4A-11D0-8D11-00A0C91BC942}") = "01-BinaryGap", "01-BinaryGap\01-BinaryGap.vcxproj", "{8059D0D6-8A51-4472-B431-0B182D869CFE}"
EndProject
Project("{8BC9CEB8-8B4A-11D0-8D11-00A0C91BC942}") = "02-CyclicRotation", "02-CyclicRotation\02-CyclicRotation.vcxproj", "{A093E5F1-3923-48C4-B8B6-BAC0E67FA287}"
EndProject
Project("{8BC9CEB8-8B4A-11D0-8D11-00A0C91BC942}") = "02-OddOccurencesInArray", "02-OddOccurencesInArray\02-OddOccurencesInArray.vcxproj", "{00805FD1-CA19-4307-8C93-BCB78873D939}"
EndProject
Project("{8BC9CEB8-8B4A-11D0-8D11-00A0C91BC942}") = "07-Fish-Unfinished", "07-Fish\07-Fish.vcxproj", "{B10AF26E-ED65-43E0-9420-D5F176615C4A}"
EndProject
Project("{8BC9CEB8-8B4A-11D0-8D11-00A0C91BC942}") = "07-Brackets", "07-Brackets\07-Brackets.vcxproj", "{D8A2E202-5229-4E56-A6D7-1D2903F03C0F}"
EndProject
Project("{8BC9CEB8-8B4A-11D0-8D11-00A0C91BC942}") = "07-StoneWall", "07-StoneWall\07-StoneWall.vcxproj", "{9BF7C214-EB7C-412E-87D7-0546FB1B1C40}"
EndProject
Project("{8BC9CEB8-8B4A-11D0-8D11-00A0C91BC942}") = "08-Dominator", "08-Dominator\08-Dominator.vcxproj", "{6503BE4B-DFE2-43D4-8A83-102EFAFA4A8C}"
EndProject
Project("{8BC9CEB8-8B4A-11D0-8D11-00A0C91BC942}") = "08-EquiLeader", "08-EquiLeader\08-EquiLeader.vcxproj", "{C3F419AF-3F73-4CE6-97C8-03D45E9E1013}"
EndProject
Project("{8BC9CEB8-8B4A-11D0-8D11-00A0C91BC942}") = "09 - MaxProfit", "09 - MaxProfit\09 - MaxProfit.vcxproj", "{A7501D49-9527-4A4C-8389-2674D76AFB0A}"
EndProject
Project("{8BC9CEB8-8B4A-11D0-8D11-00A0C91BC942}") = "09 - MaxSliceSum", "09 - MaxSlice\09 - MaxSlice.vcxproj", "{9F37A93C-6CA8-44E9-87CF-DC113FF30AAE}"
EndProject
Global
	GlobalSection(SolutionConfigurationPlatforms) = preSolution
		Debug|x64 = Debug|x64
		Debug|x86 = Debug|x86
		Release|x64 = Release|x64
		Release|x86 = Release|x86
	EndGlobalSection
	GlobalSection(ProjectConfigurationPlatforms) = postSolution
		{49579E92-8EF6-48EB-ADCF-A5C3B4BB4EE2}.Debug|x64.ActiveCfg = Debug|Win32
		{49579E92-8EF6-48EB-ADCF-A5C3B4BB4EE2}.Debug|x86.ActiveCfg = Debug|Win32
		{49579E92-8EF6-48EB-ADCF-A5C3B4BB4EE2}.Debug|x86.Build.0 = Debug|Win32
		{49579E92-8EF6-48EB-ADCF-A5C3B4BB4EE2}.Release|x64.ActiveCfg = Release|Win32
		{49579E92-8EF6-48EB-ADCF-A5C3B4BB4EE2}.Release|x86.ActiveCfg = Release|Win32
		{49579E92-8EF6-48EB-ADCF-A5C3B4BB4EE2}.Release|x86.Build.0 = Release|Win32
		{9B4E9466-801A-4174-8DB3-709555920DBE}.Debug|x64.ActiveCfg = Debug|Win32
		{9B4E9466-801A-4174-8DB3-709555920DBE}.Debug|x86.ActiveCfg = Debug|Win32
		{9B4E9466-801A-4174-8DB3-709555920DBE}.Debug|x86.Build.0 = Debug|Win32
		{9B4E9466-801A-4174-8DB3-709555920DBE}.Release|x64.ActiveCfg = Release|Win32
		{9B4E9466-801A-4174-8DB3-709555920DBE}.Release|x86.ActiveCfg = Release|Win32
		{9B4E9466-801A-4174-8DB3-709555920DBE}.Release|x86.Build.0 = Release|Win32
		{40A07986-60C9-4B17-8C21-D06F3AFA010B}.Debug|x64.ActiveCfg = Debug|Win32
		{40A07986-60C9-4B17-8C21-D06F3AFA010B}.Debug|x86.ActiveCfg = Debug|Win32
		{40A07986-60C9-4B17-8C21-D06F3AFA010B}.Debug|x86.Build.0 = Debug|Win32
		{40A07986-60C9-4B17-8C21-D06F3AFA010B}.Release|x64.ActiveCfg = Release|Win32
		{40A07986-60C9-4B17-8C21-D06F3AFA010B}.Release|x86.ActiveCfg = Release|Win32
		{40A07986-60C9-4B17-8C21-D06F3AFA010B}.Release|x86.Build.0 = Release|Win32
		{84705E63-A5A4-4A35-AEC1-389BDA5CD7BC}.Debug|x64.ActiveCfg = Debug|Win32
		{84705E63-A5A4-4A35-AEC1-389BDA5CD7BC}.Debug|x86.ActiveCfg = Debug|Win32
		{84705E63-A5A4-4A35-AEC1-389BDA5CD7BC}.Debug|x86.Build.0 = Debug|Win32
		{84705E63-A5A4-4A35-AEC1-389BDA5CD7BC}.Release|x64.ActiveCfg = Release|Win32
		{84705E63-A5A4-4A35-AEC1-389BDA5CD7BC}.Release|x86.ActiveCfg = Release|Win32
		{84705E63-A5A4-4A35-AEC1-389BDA5CD7BC}.Release|x86.Build.0 = Release|Win32
		{BD8B5CD3-CCE3-470D-A98D-4E2C0A7FD4E9}.Debug|x64.ActiveCfg = Debug|Win32
		{BD8B5CD3-CCE3-470D-A98D-4E2C0A7FD4E9}.Debug|x86.ActiveCfg = Debug|Win32
		{BD8B5CD3-CCE3-470D-A98D-4E2C0A7FD4E9}.Debug|x86.Build.0 = Debug|Win32
		{BD8B5CD3-CCE3-470D-A98D-4E2C0A7FD4E9}.Release|x64.ActiveCfg = Release|Win32
		{BD8B5CD3-CCE3-470D-A98D-4E2C0A7FD4E9}.Release|x86.ActiveCfg = Release|Win32
		{BD8B5CD3-CCE3-470D-A98D-4E2C0A7FD4E9}.Release|x86.Build.0 = Release|Win32
		{0799C2C6-05F8-410F-8089-020651E8687C}.Debug|x64.ActiveCfg = Debug|Win32
		{0799C2C6-05F8-410F-8089-020651E8687C}.Debug|x86.ActiveCfg = Debug|Win32
		{0799C2C6-05F8-410F-8089-020651E8687C}.Debug|x86.Build.0 = Debug|Win32
		{0799C2C6-05F8-410F-8089-020651E8687C}.Release|x64.ActiveCfg = Release|Win32
		{0799C2C6-05F8-410F-8089-020651E8687C}.Release|x86.ActiveCfg = Release|Win32
		{0799C2C6-05F8-410F-8089-020651E8687C}.Release|x86.Build.0 = Release|Win32
		{9D975DC0-AA2E-4F76-9112-668FD8C14B34}.Debug|x64.ActiveCfg = Debug|Win32
		{9D975DC0-AA2E-4F76-9112-668FD8C14B34}.Debug|x86.ActiveCfg = Debug|Win32
		{9D975DC0-AA2E-4F76-9112-668FD8C14B34}.Debug|x86.Build.0 = Debug|Win32
		{9D975DC0-AA2E-4F76-9112-668FD8C14B34}.Release|x64.ActiveCfg = Release|Win32
		{9D975DC0-AA2E-4F76-9112-668FD8C14B34}.Release|x86.ActiveCfg = Release|Win32
		{9D975DC0-AA2E-4F76-9112-668FD8C14B34}.Release|x86.Build.0 = Release|Win32
		{0B411528-67D8-474E-8E75-493580FD1172}.Debug|x64.ActiveCfg = Debug|Win32
		{0B411528-67D8-474E-8E75-493580FD1172}.Debug|x86.ActiveCfg = Debug|Win32
		{0B411528-67D8-474E-8E75-493580FD1172}.Debug|x86.Build.0 = Debug|Win32
		{0B411528-67D8-474E-8E75-493580FD1172}.Release|x64.ActiveCfg = Release|Win32
		{0B411528-67D8-474E-8E75-493580FD1172}.Release|x86.ActiveCfg = Release|Win32
		{0B411528-67D8-474E-8E75-493580FD1172}.Release|x86.Build.0 = Release|Win32
		{4F55833A-C8D1-42E6-B39A-FF529AD1E299}.Debug|x64.ActiveCfg = Debug|Win32
		{4F55833A-C8D1-42E6-B39A-FF529AD1E299}.Debug|x86.ActiveCfg = Debug|Win32
		{4F55833A-C8D1-42E6-B39A-FF529AD1E299}.Debug|x86.Build.0 = Debug|Win32
		{4F55833A-C8D1-42E6-B39A-FF529AD1E299}.Release|x64.ActiveCfg = Release|Win32
		{4F55833A-C8D1-42E6-B39A-FF529AD1E299}.Release|x86.ActiveCfg = Release|Win32
		{4F55833A-C8D1-42E6-B39A-FF529AD1E299}.Release|x86.Build.0 = Release|Win32
		{AF5D0123-3EB3-47EC-9882-13ACC019AD6B}.Debug|x64.ActiveCfg = Debug|x64
		{AF5D0123-3EB3-47EC-9882-13ACC019AD6B}.Debug|x64.Build.0 = Debug|x64
		{AF5D0123-3EB3-47EC-9882-13ACC019AD6B}.Debug|x86.ActiveCfg = Debug|Win32
		{AF5D0123-3EB3-47EC-9882-13ACC019AD6B}.Debug|x86.Build.0 = Debug|Win32
		{AF5D0123-3EB3-47EC-9882-13ACC019AD6B}.Release|x64.ActiveCfg = Release|x64
		{AF5D0123-3EB3-47EC-9882-13ACC019AD6B}.Release|x64.Build.0 = Release|x64
		{AF5D0123-3EB3-47EC-9882-13ACC019AD6B}.Release|x86.ActiveCfg = Release|Win32
		{AF5D0123-3EB3-47EC-9882-13ACC019AD6B}.Release|x86.Build.0 = Release|Win32
		{FC39E803-9096-4467-90D2-340F210F7E57}.Debug|x64.ActiveCfg = Debug|x64
		{FC39E803-9096-4467-90D2-340F210F7E57}.Debug|x64.Build.0 = Debug|x64
		{FC39E803-9096-4467-90D2-340F210F7E57}.Debug|x86.ActiveCfg = Debug|Win32
		{FC39E803-9096-4467-90D2-340F210F7E57}.Debug|x86.Build.0 = Debug|Win32
		{FC39E803-9096-4467-90D2-340F210F7E57}.Release|x64.ActiveCfg = Release|x64
		{FC39E803-9096-4467-90D2-340F210F7E57}.Release|x64.Build.0 = Release|x64
		{FC39E803-9096-4467-90D2-340F210F7E57}.Release|x86.ActiveCfg = Release|Win32
		{FC39E803-9096-4467-90D2-340F210F7E57}.Release|x86.Build.0 = Release|Win32
		{8EA0DF4D-807E-4BC1-895C-E901BF2B279F}.Debug|x64.ActiveCfg = Debug|x64
		{8EA0DF4D-807E-4BC1-895C-E901BF2B279F}.Debug|x64.Build.0 = Debug|x64
		{8EA0DF4D-807E-4BC1-895C-E901BF2B279F}.Debug|x86.ActiveCfg = Debug|Win32
		{8EA0DF4D-807E-4BC1-895C-E901BF2B279F}.Debug|x86.Build.0 = Debug|Win32
		{8EA0DF4D-807E-4BC1-895C-E901BF2B279F}.Release|x64.ActiveCfg = Release|x64
		{8EA0DF4D-807E-4BC1-895C-E901BF2B279F}.Release|x64.Build.0 = Release|x64
		{8EA0DF4D-807E-4BC1-895C-E901BF2B279F}.Release|x86.ActiveCfg = Release|Win32
		{8EA0DF4D-807E-4BC1-895C-E901BF2B279F}.Release|x86.Build.0 = Release|Win32
		{1AB3B941-8AD2-4D31-AA42-9F4C5948CD3A}.Debug|x64.ActiveCfg = Debug|x64
		{1AB3B941-8AD2-4D31-AA42-9F4C5948CD3A}.Debug|x64.Build.0 = Debug|x64
		{1AB3B941-8AD2-4D31-AA42-9F4C5948CD3A}.Debug|x86.ActiveCfg = Debug|Win32
		{1AB3B941-8AD2-4D31-AA42-9F4C5948CD3A}.Debug|x86.Build.0 = Debug|Win32
		{1AB3B941-8AD2-4D31-AA42-9F4C5948CD3A}.Release|x64.ActiveCfg = Release|x64
		{1AB3B941-8AD2-4D31-AA42-9F4C5948CD3A}.Release|x64.Build.0 = Release|x64
		{1AB3B941-8AD2-4D31-AA42-9F4C5948CD3A}.Release|x86.ActiveCfg = Release|Win32
		{1AB3B941-8AD2-4D31-AA42-9F4C5948CD3A}.Release|x86.Build.0 = Release|Win32
		{4FB70165-0A72-4D8B-B7ED-EF96F488054E}.Debug|x64.ActiveCfg = Debug|x64
		{4FB70165-0A72-4D8B-B7ED-EF96F488054E}.Debug|x64.Build.0 = Debug|x64
		{4FB70165-0A72-4D8B-B7ED-EF96F488054E}.Debug|x86.ActiveCfg = Debug|Win32
		{4FB70165-0A72-4D8B-B7ED-EF96F488054E}.Debug|x86.Build.0 = Debug|Win32
		{4FB70165-0A72-4D8B-B7ED-EF96F488054E}.Release|x64.ActiveCfg = Release|x64
		{4FB70165-0A72-4D8B-B7ED-EF96F488054E}.Release|x64.Build.0 = Release|x64
		{4FB70165-0A72-4D8B-B7ED-EF96F488054E}.Release|x86.ActiveCfg = Release|Win32
		{4FB70165-0A72-4D8B-B7ED-EF96F488054E}.Release|x86.Build.0 = Release|Win32
		{A18FA2C5-BD9C-40AE-87DB-DCBACFE0F4E9}.Debug|x64.ActiveCfg = Debug|x64
		{A18FA2C5-BD9C-40AE-87DB-DCBACFE0F4E9}.Debug|x64.Build.0 = Debug|x64
		{A18FA2C5-BD9C-40AE-87DB-DCBACFE0F4E9}.Debug|x86.ActiveCfg = Debug|Win32
		{A18FA2C5-BD9C-40AE-87DB-DCBACFE0F4E9}.Debug|x86.Build.0 = Debug|Win32
		{A18FA2C5-BD9C-40AE-87DB-DCBACFE0F4E9}.Release|x64.ActiveCfg = Release|x64
		{A18FA2C5-BD9C-40AE-87DB-DCBACFE0F4E9}.Release|x64.Build.0 = Release|x64
		{A18FA2C5-BD9C-40AE-87DB-DCBACFE0F4E9}.Release|x86.ActiveCfg = Release|Win32
		{A18FA2C5-BD9C-40AE-87DB-DCBACFE0F4E9}.Release|x86.Build.0 = Release|Win32
		{8059D0D6-8A51-4472-B431-0B182D869CFE}.Debug|x64.ActiveCfg = Debug|x64
		{8059D0D6-8A51-4472-B431-0B182D869CFE}.Debug|x64.Build.0 = Debug|x64
		{8059D0D6-8A51-4472-B431-0B182D869CFE}.Debug|x86.ActiveCfg = Debug|Win32
		{8059D0D6-8A51-4472-B431-0B182D869CFE}.Debug|x86.Build.0 = Debug|Win32
		{8059D0D6-8A51-4472-B431-0B182D869CFE}.Release|x64.ActiveCfg = Release|x64
		{8059D0D6-8A51-4472-B431-0B182D869CFE}.Release|x64.Build.0 = Release|x64
		{8059D0D6-8A51-4472-B431-0B182D869CFE}.Release|x86.ActiveCfg = Release|Win32
		{8059D0D6-8A51-4472-B431-0B182D869CFE}.Release|x86.Build.0 = Release|Win32
		{A093E5F1-3923-48C4-B8B6-BAC0E67FA287}.Debug|x64.ActiveCfg = Debug|x64
		{A093E5F1-3923-48C4-B8B6-BAC0E67FA287}.Debug|x64.Build.0 = Debug|x64
		{A093E5F1-3923-48C4-B8B6-BAC0E67FA287}.Debug|x86.ActiveCfg = Debug|Win32
		{A093E5F1-3923-48C4-B8B6-BAC0E67FA287}.Debug|x86.Build.0 = Debug|Win32
		{A093E5F1-3923-48C4-B8B6-BAC0E67FA287}.Release|x64.ActiveCfg = Release|x64
		{A093E5F1-3923-48C4-B8B6-BAC0E67FA287}.Release|x64.Build.0 = Release|x64
		{A093E5F1-3923-48C4-B8B6-BAC0E67FA287}.Release|x86.ActiveCfg = Release|Win32
		{A093E5F1-3923-48C4-B8B6-BAC0E67FA287}.Release|x86.Build.0 = Release|Win32
		{00805FD1-CA19-4307-8C93-BCB78873D939}.Debug|x64.ActiveCfg = Debug|x64
		{00805FD1-CA19-4307-8C93-BCB78873D939}.Debug|x64.Build.0 = Debug|x64
		{00805FD1-CA19-4307-8C93-BCB78873D939}.Debug|x86.ActiveCfg = Debug|Win32
		{00805FD1-CA19-4307-8C93-BCB78873D939}.Debug|x86.Build.0 = Debug|Win32
		{00805FD1-CA19-4307-8C93-BCB78873D939}.Release|x64.ActiveCfg = Release|x64
		{00805FD1-CA19-4307-8C93-BCB78873D939}.Release|x64.Build.0 = Release|x64
		{00805FD1-CA19-4307-8C93-BCB78873D939}.Release|x86.ActiveCfg = Release|Win32
		{00805FD1-CA19-4307-8C93-BCB78873D939}.Release|x86.Build.0 = Release|Win32
		{B10AF26E-ED65-43E0-9420-D5F176615C4A}.Debug|x64.ActiveCfg = Debug|x64
		{B10AF26E-ED65-43E0-9420-D5F176615C4A}.Debug|x64.Build.0 = Debug|x64
		{B10AF26E-ED65-43E0-9420-D5F176615C4A}.Debug|x86.ActiveCfg = Debug|Win32
		{B10AF26E-ED65-43E0-9420-D5F176615C4A}.Debug|x86.Build.0 = Debug|Win32
		{B10AF26E-ED65-43E0-9420-D5F176615C4A}.Release|x64.ActiveCfg = Release|x64
		{B10AF26E-ED65-43E0-9420-D5F176615C4A}.Release|x64.Build.0 = Release|x64
		{B10AF26E-ED65-43E0-9420-D5F176615C4A}.Release|x86.ActiveCfg = Release|Win32
		{B10AF26E-ED65-43E0-9420-D5F176615C4A}.Release|x86.Build.0 = Release|Win32
		{D8A2E202-5229-4E56-A6D7-1D2903F03C0F}.Debug|x64.ActiveCfg = Debug|x64
		{D8A2E202-5229-4E56-A6D7-1D2903F03C0F}.Debug|x64.Build.0 = Debug|x64
		{D8A2E202-5229-4E56-A6D7-1D2903F03C0F}.Debug|x86.ActiveCfg = Debug|Win32
		{D8A2E202-5229-4E56-A6D7-1D2903F03C0F}.Debug|x86.Build.0 = Debug|Win32
		{D8A2E202-5229-4E56-A6D7-1D2903F03C0F}.Release|x64.ActiveCfg = Release|x64
		{D8A2E202-5229-4E56-A6D7-1D2903F03C0F}.Release|x64.Build.0 = Release|x64
		{D8A2E202-5229-4E56-A6D7-1D2903F03C0F}.Release|x86.ActiveCfg = Release|Win32
		{D8A2E202-5229-4E56-A6D7-1D2903F03C0F}.Release|x86.Build.0 = Release|Win32
		{9BF7C214-EB7C-412E-87D7-0546FB1B1C40}.Debug|x64.ActiveCfg = Debug|x64
		{9BF7C214-EB7C-412E-87D7-0546FB1B1C40}.Debug|x64.Build.0 = Debug|x64
		{9BF7C214-EB7C-412E-87D7-0546FB1B1C40}.Debug|x86.ActiveCfg = Debug|Win32
		{9BF7C214-EB7C-412E-87D7-0546FB1B1C40}.Debug|x86.Build.0 = Debug|Win32
		{9BF7C214-EB7C-412E-87D7-0546FB1B1C40}.Release|x64.ActiveCfg = Release|x64
		{9BF7C214-EB7C-412E-87D7-0546FB1B1C40}.Release|x64.Build.0 = Release|x64
		{9BF7C214-EB7C-412E-87D7-0546FB1B1C40}.Release|x86.ActiveCfg = Release|Win32
		{9BF7C214-EB7C-412E-87D7-0546FB1B1C40}.Release|x86.Build.0 = Release|Win32
		{6503BE4B-DFE2-43D4-8A83-102EFAFA4A8C}.Debug|x64.ActiveCfg = Debug|x64
		{6503BE4B-DFE2-43D4-8A83-102EFAFA4A8C}.Debug|x64.Build.0 = Debug|x64
		{6503BE4B-DFE2-43D4-8A83-102EFAFA4A8C}.Debug|x86.ActiveCfg = Debug|Win32
		{6503BE4B-DFE2-43D4-8A83-102EFAFA4A8C}.Debug|x86.Build.0 = Debug|Win32
		{6503BE4B-DFE2-43D4-8A83-102EFAFA4A8C}.Release|x64.ActiveCfg = Release|x64
		{6503BE4B-DFE2-43D4-8A83-102EFAFA4A8C}.Release|x64.Build.0 = Release|x64
		{6503BE4B-DFE2-43D4-8A83-102EFAFA4A8C}.Release|x86.ActiveCfg = Release|Win32
		{6503BE4B-DFE2-43D4-8A83-102EFAFA4A8C}.Release|x86.Build.0 = Release|Win32
		{C3F419AF-3F73-4CE6-97C8-03D45E9E1013}.Debug|x64.ActiveCfg = Debug|x64
		{C3F419AF-3F73-4CE6-97C8-03D45E9E1013}.Debug|x64.Build.0 = Debug|x64
		{C3F419AF-3F73-4CE6-97C8-03D45E9E1013}.Debug|x86.ActiveCfg = Debug|Win32
		{C3F419AF-3F73-4CE6-97C8-03D45E9E1013}.Debug|x86.Build.0 = Debug|Win32
		{C3F419AF-3F73-4CE6-97C8-03D45E9E1013}.Release|x64.ActiveCfg = Release|x64
		{C3F419AF-3F73-4CE6-97C8-03D45E9E1013}.Release|x64.Build.0 = Release|x64
		{C3F419AF-3F73-4CE6-97C8-03D45E9E1013}.Release|x86.ActiveCfg = Release|Win32
		{C3F419AF-3F73-4CE6-97C8-03D45E9E1013}.Release|x86.Build.0 = Release|Win32
		{A7501D49-9527-4A4C-8389-2674D76AFB0A}.Debug|x64.ActiveCfg = Debug|x64
		{A7501D49-9527-4A4C-8389-2674D76AFB0A}.Debug|x64.Build.0 = Debug|x64
		{A7501D49-9527-4A4C-8389-2674D76AFB0A}.Debug|x86.ActiveCfg = Debug|Win32
		{A7501D49-9527-4A4C-8389-2674D76AFB0A}.Debug|x86.Build.0 = Debug|Win32
		{A7501D49-9527-4A4C-8389-2674D76AFB0A}.Release|x64.ActiveCfg = Release|x64
		{A7501D49-9527-4A4C-8389-2674D76AFB0A}.Release|x64.Build.0 = Release|x64
		{A7501D49-9527-4A4C-8389-2674D76AFB0A}.Release|x86.ActiveCfg = Release|Win32
		{A7501D49-9527-4A4C-8389-2674D76AFB0A}.Release|x86.Build.0 = Release|Win32
		{9F37A93C-6CA8-44E9-87CF-DC113FF30AAE}.Debug|x64.ActiveCfg = Debug|x64
		{9F37A93C-6CA8-44E9-87CF-DC113FF30AAE}.Debug|x64.Build.0 = Debug|x64
		{9F37A93C-6CA8-44E9-87CF-DC113FF30AAE}.Debug|x86.ActiveCfg = Debug|Win32
		{9F37A93C-6CA8-44E9-87CF-DC113FF30AAE}.Debug|x86.Build.0 = Debug|Win32
		{9F37A93C-6CA8-44E9-87CF-DC113FF30AAE}.Release|x64.ActiveCfg = Release|x64
		{9F37A93C-6CA8-44E9-87CF-DC113FF30AAE}.Release|x64.Build.0 = Release|x64
		{9F37A93C-6CA8-44E9-87CF-DC113FF30AAE}.Release|x86.ActiveCfg = Release|Win32
		{9F37A93C-6CA8-44E9-87CF-DC113FF30AAE}.Release|x86.Build.0 = Release|Win32
	EndGlobalSection
	GlobalSection(SolutionProperties) = preSolution
		HideSolutionNode = FALSE
	EndGlobalSection
EndGlobal
